github.com/dave/jennifer v1.7.1 h1:B4jJJDHelWcDhlRQxWeo0Npa/pYKBLrirAQoTN45txo=
github.com/dave/jennifer v1.7.1/go.mod h1:nXbxhEmQfOZhWml3D1cDK5M1FLnMSozpbFN/m3RmGZc=
github.com/goaperture/goaperture v1.0.4 h1:braLyQvqUBB1vKRAxuslyIYie9H/PCZ9MuzOjZ3tuT4=
github.com/goaperture/goaperture v1.0.4/go.mod h1:AeaRZZMhXkK79TZBmr7DzxhI5Iu6WtmHHSW9KMOsuvU=
